
Microsoft Visual Studio Solution File, Format Version 12.00
# Visual Studio Version 17
VisualStudioVersion = 17.5.002.0
MinimumVisualStudioVersion = 10.0.40219.1
Project("{9A19103F-16F7-4668-BE54-9A1E7A4F7556}") = "Filebin.AuthServer", "Filebin.AuthServer\Filebin.AuthServer.csproj", "{98A5B352-6F90-4773-A2E3-77149843CD7B}"
EndProject
Project("{2150E333-8FDC-42A3-9474-1A3956D46DE8}") = "Common", "Common", "{7542CF1D-BF68-4B6A-8ABB-089E7155A581}"
EndProject
Project("{FAE04EC0-301F-11D3-BF4B-00C04F79EFBC}") = "Filebin.Common.Commands", "Filebin.Common\Commands\Filebin.Common.Commands.csproj", "{3F4AB910-5B79-434C-A366-AF7F38C445B8}"
EndProject
Project("{FAE04EC0-301F-11D3-BF4B-00C04F79EFBC}") = "Filebin.Common.Exceptions", "Filebin.Common\Exceptions\Filebin.Common.Exceptions.csproj", "{7FC48E52-F8C1-4374-A66E-83E12A431FC9}"
EndProject
Project("{FAE04EC0-301F-11D3-BF4B-00C04F79EFBC}") = "Filebin.Common.Tests", "Filebin.Common\Tests\Filebin.Common.Tests.csproj", "{D475A0D5-3364-406D-9466-E0718CA2DE68}"
EndProject
Project("{FAE04EC0-301F-11D3-BF4B-00C04F79EFBC}") = "Filebin.Common.Validation", "Filebin.Common\Validation\Filebin.Common.Validation.csproj", "{1BA5F690-FA07-4187-AFF0-45D2FDAE6DBB}"
EndProject
Project("{FAE04EC0-301F-11D3-BF4B-00C04F79EFBC}") = "Filebin.Common.Util", "Filebin.Common\Util\Filebin.Common.Util.csproj", "{6DF95A5F-7046-44B3-848E-B9320F3ACFEF}"
EndProject
Project("{2150E333-8FDC-42A3-9474-1A3956D46DE8}") = "Domain", "Domain", "{758DFD54-B049-4073-AE8E-C78100F9DC7B}"
EndProject
Project("{FAE04EC0-301F-11D3-BF4B-00C04F79EFBC}") = "Filebin.Domain.Auth.Abstraction", "Filebin.Domain\Auth\Abstraction\Filebin.Domain.Auth.Abstraction.csproj", "{D85502F5-2F98-4DC2-993E-7D31C9E6FBFB}"
EndProject
Project("{FAE04EC0-301F-11D3-BF4B-00C04F79EFBC}") = "Filebin.Domain.Auth.Models", "Filebin.Domain\Auth\Models\Filebin.Domain.Auth.Models.csproj", "{FC565EBB-4826-424A-B8CE-9D099597685C}"
EndProject
Project("{FAE04EC0-301F-11D3-BF4B-00C04F79EFBC}") = "Filebin.WebGalleryAPI", "Filebin.WebGalleryAPI\Filebin.WebGalleryAPI.csproj", "{9AE11FD2-D6DC-40C8-9F87-4175097EFA34}"
EndProject
Project("{FAE04EC0-301F-11D3-BF4B-00C04F79EFBC}") = "Filebin.Domain.Azure.Blob.Abstraction", "Filebin.Domain\Azure\Blob\Abstraction\Filebin.Domain.Azure.Blob.Abstraction.csproj", "{C0824447-0B0B-4B0E-873C-14EE2BE3E50A}"
EndProject
Project("{FAE04EC0-301F-11D3-BF4B-00C04F79EFBC}") = "Filebin.Common.Azure.Blob", "Filebin.Common\Azure\Blob\Filebin.Common.Azure.Blob.csproj", "{0A124BB8-1C76-4AAB-A403-429547EB309D}"
EndProject
Project("{FAE04EC0-301F-11D3-BF4B-00C04F79EFBC}") = "Filebin.Domain.WebGallery", "Filebin.Domain\WebGallery\Filebin.Domain.WebGallery.csproj", "{B3F3AFB0-8F59-445D-B935-00EC51E49C08}"
EndProject
Project("{FAE04EC0-301F-11D3-BF4B-00C04F79EFBC}") = "Filebin.Common.Auth", "Filebin.Common\Auth\Filebin.Common.Auth.csproj", "{C89CEBC6-CD1C-4601-BEA5-9F3C6BC8D231}"
EndProject
Global
	GlobalSection(SolutionConfigurationPlatforms) = preSolution
		Debug|Any CPU = Debug|Any CPU
		Release|Any CPU = Release|Any CPU
	EndGlobalSection
	GlobalSection(ProjectConfigurationPlatforms) = postSolution
		{98A5B352-6F90-4773-A2E3-77149843CD7B}.Debug|Any CPU.ActiveCfg = Debug|Any CPU
		{98A5B352-6F90-4773-A2E3-77149843CD7B}.Debug|Any CPU.Build.0 = Debug|Any CPU
		{98A5B352-6F90-4773-A2E3-77149843CD7B}.Release|Any CPU.ActiveCfg = Release|Any CPU
		{98A5B352-6F90-4773-A2E3-77149843CD7B}.Release|Any CPU.Build.0 = Release|Any CPU
		{3F4AB910-5B79-434C-A366-AF7F38C445B8}.Debug|Any CPU.ActiveCfg = Debug|Any CPU
		{3F4AB910-5B79-434C-A366-AF7F38C445B8}.Debug|Any CPU.Build.0 = Debug|Any CPU
		{3F4AB910-5B79-434C-A366-AF7F38C445B8}.Release|Any CPU.ActiveCfg = Release|Any CPU
		{3F4AB910-5B79-434C-A366-AF7F38C445B8}.Release|Any CPU.Build.0 = Release|Any CPU
		{7FC48E52-F8C1-4374-A66E-83E12A431FC9}.Debug|Any CPU.ActiveCfg = Debug|Any CPU
		{7FC48E52-F8C1-4374-A66E-83E12A431FC9}.Debug|Any CPU.Build.0 = Debug|Any CPU
		{7FC48E52-F8C1-4374-A66E-83E12A431FC9}.Release|Any CPU.ActiveCfg = Release|Any CPU
		{7FC48E52-F8C1-4374-A66E-83E12A431FC9}.Release|Any CPU.Build.0 = Release|Any CPU
		{D475A0D5-3364-406D-9466-E0718CA2DE68}.Debug|Any CPU.ActiveCfg = Debug|Any CPU
		{D475A0D5-3364-406D-9466-E0718CA2DE68}.Debug|Any CPU.Build.0 = Debug|Any CPU
		{D475A0D5-3364-406D-9466-E0718CA2DE68}.Release|Any CPU.ActiveCfg = Release|Any CPU
		{D475A0D5-3364-406D-9466-E0718CA2DE68}.Release|Any CPU.Build.0 = Release|Any CPU
		{1BA5F690-FA07-4187-AFF0-45D2FDAE6DBB}.Debug|Any CPU.ActiveCfg = Debug|Any CPU
		{1BA5F690-FA07-4187-AFF0-45D2FDAE6DBB}.Debug|Any CPU.Build.0 = Debug|Any CPU
		{1BA5F690-FA07-4187-AFF0-45D2FDAE6DBB}.Release|Any CPU.ActiveCfg = Release|Any CPU
		{1BA5F690-FA07-4187-AFF0-45D2FDAE6DBB}.Release|Any CPU.Build.0 = Release|Any CPU
		{6DF95A5F-7046-44B3-848E-B9320F3ACFEF}.Debug|Any CPU.ActiveCfg = Debug|Any CPU
		{6DF95A5F-7046-44B3-848E-B9320F3ACFEF}.Debug|Any CPU.Build.0 = Debug|Any CPU
		{6DF95A5F-7046-44B3-848E-B9320F3ACFEF}.Release|Any CPU.ActiveCfg = Release|Any CPU
		{6DF95A5F-7046-44B3-848E-B9320F3ACFEF}.Release|Any CPU.Build.0 = Release|Any CPU
		{D85502F5-2F98-4DC2-993E-7D31C9E6FBFB}.Debug|Any CPU.ActiveCfg = Debug|Any CPU
		{D85502F5-2F98-4DC2-993E-7D31C9E6FBFB}.Debug|Any CPU.Build.0 = Debug|Any CPU
		{D85502F5-2F98-4DC2-993E-7D31C9E6FBFB}.Release|Any CPU.ActiveCfg = Release|Any CPU
		{D85502F5-2F98-4DC2-993E-7D31C9E6FBFB}.Release|Any CPU.Build.0 = Release|Any CPU
		{FC565EBB-4826-424A-B8CE-9D099597685C}.Debug|Any CPU.ActiveCfg = Debug|Any CPU
		{FC565EBB-4826-424A-B8CE-9D099597685C}.Debug|Any CPU.Build.0 = Debug|Any CPU
		{FC565EBB-4826-424A-B8CE-9D099597685C}.Release|Any CPU.ActiveCfg = Release|Any CPU
		{FC565EBB-4826-424A-B8CE-9D099597685C}.Release|Any CPU.Build.0 = Release|Any CPU
		{9AE11FD2-D6DC-40C8-9F87-4175097EFA34}.Debug|Any CPU.ActiveCfg = Debug|Any CPU
		{9AE11FD2-D6DC-40C8-9F87-4175097EFA34}.Debug|Any CPU.Build.0 = Debug|Any CPU
		{9AE11FD2-D6DC-40C8-9F87-4175097EFA34}.Release|Any CPU.ActiveCfg = Release|Any CPU
		{9AE11FD2-D6DC-40C8-9F87-4175097EFA34}.Release|Any CPU.Build.0 = Release|Any CPU
		{C0824447-0B0B-4B0E-873C-14EE2BE3E50A}.Debug|Any CPU.ActiveCfg = Debug|Any CPU
		{C0824447-0B0B-4B0E-873C-14EE2BE3E50A}.Debug|Any CPU.Build.0 = Debug|Any CPU
		{C0824447-0B0B-4B0E-873C-14EE2BE3E50A}.Release|Any CPU.ActiveCfg = Release|Any CPU
		{C0824447-0B0B-4B0E-873C-14EE2BE3E50A}.Release|Any CPU.Build.0 = Release|Any CPU
		{0A124BB8-1C76-4AAB-A403-429547EB309D}.Debug|Any CPU.ActiveCfg = Debug|Any CPU
		{0A124BB8-1C76-4AAB-A403-429547EB309D}.Debug|Any CPU.Build.0 = Debug|Any CPU
		{0A124BB8-1C76-4AAB-A403-429547EB309D}.Release|Any CPU.ActiveCfg = Release|Any CPU
		{0A124BB8-1C76-4AAB-A403-429547EB309D}.Release|Any CPU.Build.0 = Release|Any CPU
		{B3F3AFB0-8F59-445D-B935-00EC51E49C08}.Debug|Any CPU.ActiveCfg = Debug|Any CPU
		{B3F3AFB0-8F59-445D-B935-00EC51E49C08}.Debug|Any CPU.Build.0 = Debug|Any CPU
		{B3F3AFB0-8F59-445D-B935-00EC51E49C08}.Release|Any CPU.ActiveCfg = Release|Any CPU
		{B3F3AFB0-8F59-445D-B935-00EC51E49C08}.Release|Any CPU.Build.0 = Release|Any CPU
		{C89CEBC6-CD1C-4601-BEA5-9F3C6BC8D231}.Debug|Any CPU.ActiveCfg = Debug|Any CPU
		{C89CEBC6-CD1C-4601-BEA5-9F3C6BC8D231}.Debug|Any CPU.Build.0 = Debug|Any CPU
		{C89CEBC6-CD1C-4601-BEA5-9F3C6BC8D231}.Release|Any CPU.ActiveCfg = Release|Any CPU
		{C89CEBC6-CD1C-4601-BEA5-9F3C6BC8D231}.Release|Any CPU.Build.0 = Release|Any CPU
	EndGlobalSection
	GlobalSection(SolutionProperties) = preSolution
		HideSolutionNode = FALSE
	EndGlobalSection
	GlobalSection(NestedProjects) = preSolution
		{3F4AB910-5B79-434C-A366-AF7F38C445B8} = {7542CF1D-BF68-4B6A-8ABB-089E7155A581}
		{7FC48E52-F8C1-4374-A66E-83E12A431FC9} = {7542CF1D-BF68-4B6A-8ABB-089E7155A581}
		{D475A0D5-3364-406D-9466-E0718CA2DE68} = {7542CF1D-BF68-4B6A-8ABB-089E7155A581}
		{1BA5F690-FA07-4187-AFF0-45D2FDAE6DBB} = {7542CF1D-BF68-4B6A-8ABB-089E7155A581}
		{6DF95A5F-7046-44B3-848E-B9320F3ACFEF} = {7542CF1D-BF68-4B6A-8ABB-089E7155A581}
		{D85502F5-2F98-4DC2-993E-7D31C9E6FBFB} = {758DFD54-B049-4073-AE8E-C78100F9DC7B}
		{FC565EBB-4826-424A-B8CE-9D099597685C} = {758DFD54-B049-4073-AE8E-C78100F9DC7B}
		{C0824447-0B0B-4B0E-873C-14EE2BE3E50A} = {758DFD54-B049-4073-AE8E-C78100F9DC7B}
		{0A124BB8-1C76-4AAB-A403-429547EB309D} = {7542CF1D-BF68-4B6A-8ABB-089E7155A581}
		{B3F3AFB0-8F59-445D-B935-00EC51E49C08} = {758DFD54-B049-4073-AE8E-C78100F9DC7B}
		{C89CEBC6-CD1C-4601-BEA5-9F3C6BC8D231} = {7542CF1D-BF68-4B6A-8ABB-089E7155A581}
	EndGlobalSection
	GlobalSection(ExtensibilityGlobals) = postSolution
		SolutionGuid = {F8FBEA63-E4C2-46D5-A2CD-6D91D6FED86E}
	EndGlobalSection
EndGlobal
